
Microsoft Visual Studio Solution File, Format Version 12.00
# Visual Studio Version 17
VisualStudioVersion = 17.10.35013.160
MinimumVisualStudioVersion = 10.0.40219.1
Project("{9A19103F-16F7-4668-BE54-9A1E7A4F7556}") = "DemoStore.WebUI", "DemoStore.WebUI\DemoStore.WebUI.csproj", "{BFB33836-16E9-4A19-9805-14E8BB982C8D}"
EndProject
Project("{9A19103F-16F7-4668-BE54-9A1E7A4F7556}") = "DemoStore.WebApi", "DemoStore.WebApi\DemoStore.WebApi.csproj", "{8BDD9510-7241-4071-B25B-2465AB66D09B}"
EndProject
Global
	GlobalSection(SolutionConfigurationPlatforms) = preSolution
		Debug|Any CPU = Debug|Any CPU
		Release|Any CPU = Release|Any CPU
	EndGlobalSection
	GlobalSection(ProjectConfigurationPlatforms) = postSolution
		{BFB33836-16E9-4A19-9805-14E8BB982C8D}.Debug|Any CPU.ActiveCfg = Debug|Any CPU
		{BFB33836-16E9-4A19-9805-14E8BB982C8D}.Release|Any CPU.ActiveCfg = Release|Any CPU
		{BFB33836-16E9-4A19-9805-14E8BB982C8D}.Release|Any CPU.Build.0 = Release|Any CPU
		{8BDD9510-7241-4071-B25B-2465AB66D09B}.Debug|Any CPU.ActiveCfg = Debug|Any CPU
		{8BDD9510-7241-4071-B25B-2465AB66D09B}.Debug|Any CPU.Build.0 = Debug|Any CPU
		{8BDD9510-7241-4071-B25B-2465AB66D09B}.Release|Any CPU.ActiveCfg = Release|Any CPU
		{8BDD9510-7241-4071-B25B-2465AB66D09B}.Release|Any CPU.Build.0 = Release|Any CPU
	EndGlobalSection
	GlobalSection(SolutionProperties) = preSolution
		HideSolutionNode = FALSE
	EndGlobalSection
	GlobalSection(ExtensibilityGlobals) = postSolution
		SolutionGuid = {4F8052A2-C996-4383-B137-0F53F4818F1A}
	EndGlobalSection
EndGlobal
